<?xml version="1.0" encoding="utf-8"?>
<Project ToolsVersion="4.0" xmlns="http://schemas.microsoft.com/developer/msbuild/2003">
  <ItemGroup>
    <Filter Include="Source Files">
      <UniqueIdentifier>{4FC737F1-C7A5-4376-A066-2A32D752A2FF}</UniqueIdentifier>
      <Extensions>cpp;c;cc;cxx;def;odl;idl;hpj;bat;asm;asmx</Extensions>
    </Filter>
    <Filter Include="Header Files">
      <UniqueIdentifier>{93995380-89BD-4b04-88EB-625FBE52EBFB}</UniqueIdentifier>
      <Extensions>h;hh;hpp;hxx;hm;inl;inc;xsd</Extensions>
    </Filter>
    <Filter Include="Resource Files">
      <UniqueIdentifier>{67DA6AB6-F800-4c08-8B7A-83BB121AAD01}</UniqueIdentifier>
      <Extensions>rc;ico;cur;bmp;dlg;rc2;rct;bin;rgs;gif;jpg;jpeg;jpe;resx;tiff;tif;png;wav;mfcribbon-ms</Extensions>
    </Filter>
  </ItemGroup>
  <ItemGroup>
    <Text Include="ReadMe.txt" />
  </ItemGroup>
  <ItemGroup>
    <ClCompile Include="bearing.c">
      <Filter>Source Files</Filter>
    </ClCompile>
    <ClCompile Include="code_grid.c">
      <Filter>Source Files</Filter>
    </ClCompile>
    <ClCompile Include="context.c">
      <Filter>Source Files</Filter>
    </ClCompile>
    <ClCompile Include="contour.c">
      <Filter>Source Files</Filter>
    </ClCompile>
    <ClCompile Include="crc12.c">
      <Filter>Source Files</Filter>
    </ClCompile>
    <ClCompile Include="html-logger.c">
      <Filter>Source Files</Filter>
    </ClCompile>
    <ClCompile Include="image.c">
      <Filter>Source Files</Filter>
    </ClCompile>
    <ClCompile Include="integral-image.c">
      <Filter>Source Files</Filter>
    </ClCompile>
    <ClCompile Include="labelling.c">
      <Filter>Source Files</Filter>
    </ClCompile>
    <ClCompile Include="logger.c">
      <Filter>Source Files</Filter>
    </ClCompile>
    <ClCompile Include="marker.c">
      <Filter>Source Files</Filter>
    </ClCompile>
    <ClCompile Include="pca.c">
      <Filter>Source Files</Filter>
    </ClCompile>
    <ClCompile Include="pose.c">
      <Filter>Source Files</Filter>
    </ClCompile>
    <ClCompile Include="quad.c">
      <Filter>Source Files</Filter>
    </ClCompile>
    <ClCompile Include="rotation.c">
      <Filter>Source Files</Filter>
    </ClCompile>
    <ClCompile Include="text-logger.c">
      <Filter>Source Files</Filter>
    </ClCompile>
    <ClCompile Include="threshold.c">
      <Filter>Source Files</Filter>
    </ClCompile>
    <ClCompile Include="unwarp.c">
      <Filter>Source Files</Filter>
    </ClCompile>
    <ClCompile Include="v4l.c">
      <Filter>Source Files</Filter>
    </ClCompile>
    <ClCompile Include="yaml_config.c">
      <Filter>Source Files</Filter>
    </ClCompile>
  </ItemGroup>
  <ItemGroup>
    <ClInclude Include="include\bearing.h">
      <Filter>Header Files</Filter>
    </ClInclude>
    <ClInclude Include="include\camera.h">
      <Filter>Header Files</Filter>
    </ClInclude>
    <ClInclude Include="include\code_grid.h">
      <Filter>Header Files</Filter>
    </ClInclude>
    <ClInclude Include="include\code_table.h">
      <Filter>Header Files</Filter>
    </ClInclude>
    <ClInclude Include="include\context.h">
      <Filter>Header Files</Filter>
    </ClInclude>
    <ClInclude Include="include\contour.h">
      <Filter>Header Files</Filter>
    </ClInclude>
    <ClInclude Include="include\crc12.h">
      <Filter>Header Files</Filter>
    </ClInclude>
    <ClInclude Include="include\debug.h">
      <Filter>Header Files</Filter>
    </ClInclude>
    <ClInclude Include="include\html-logger.h">
      <Filter>Header Files</Filter>
    </ClInclude>
    <ClInclude Include="include\image.h">
      <Filter>Header Files</Filter>
    </ClInclude>
    <ClInclude Include="include\integral-image.h">
      <Filter>Header Files</Filter>
    </ClInclude>
    <ClInclude Include="include\koki.h">
      <Filter>Header Files</Filter>
    </ClInclude>
    <ClInclude Include="include\labelling.h">
      <Filter>Header Files</Filter>
    </ClInclude>
    <ClInclude Include="include\logger.h">
      <Filter>Header Files</Filter>
    </ClInclude>
    <ClInclude Include="include\marker.h">
      <Filter>Header Files</Filter>
    </ClInclude>
    <ClInclude Include="include\pca.h">
      <Filter>Header Files</Filter>
    </ClInclude>
    <ClInclude Include="include\points.h">
      <Filter>Header Files</Filter>
    </ClInclude>
    <ClInclude Include="include\pose.h">
      <Filter>Header Files</Filter>
    </ClInclude>
    <ClInclude Include="include\quad.h">
      <Filter>Header Files</Filter>
    </ClInclude>
    <ClInclude Include="include\rotation.h">
      <Filter>Header Files</Filter>
    </ClInclude>
    <ClInclude Include="include\text-logger.h">
      <Filter>Header Files</Filter>
    </ClInclude>
    <ClInclude Include="include\threshold.h">
      <Filter>Header Files</Filter>
    </ClInclude>
    <ClInclude Include="include\unwarp.h">
      <Filter>Header Files</Filter>
    </ClInclude>
    <ClInclude Include="include\v4l.h">
      <Filter>Header Files</Filter>
    </ClInclude>
    <ClInclude Include="include\yaml_config.h">
      <Filter>Header Files</Filter>
    </ClInclude>
  </ItemGroup>
  <ItemGroup>
    <None Include="packages.config" />
  </ItemGroup>
</Project>